// !$*UTF8*$!
{
	archiveVersion = 1;
	classes = {
	};
	objectVersion = 56;
	objects = {

/* Begin PBXBuildFile section */
		329A35772A3E0CD7005C8618 /* StateAnaDataFlowApp.swift in Sources */ = {isa = PBXBuildFile; fileRef = 329A35762A3E0CD7005C8618 /* StateAnaDataFlowApp.swift */; };
		329A35792A3E0CD7005C8618 /* ContentView.swift in Sources */ = {isa = PBXBuildFile; fileRef = 329A35782A3E0CD7005C8618 /* ContentView.swift */; };
		329A357B2A3E0CD8005C8618 /* Assets.xcassets in Resources */ = {isa = PBXBuildFile; fileRef = 329A357A2A3E0CD8005C8618 /* Assets.xcassets */; };
		329A357E2A3E0CD8005C8618 /* Preview Assets.xcassets in Resources */ = {isa = PBXBuildFile; fileRef = 329A357D2A3E0CD8005C8618 /* Preview Assets.xcassets */; };
		32B370A42A3E113E0053911C /* TimerCounter.swift in Sources */ = {isa = PBXBuildFile; fileRef = 32B370A32A3E113E0053911C /* TimerCounter.swift */; };
		32B370A62A3E168F0053911C /* LoginView.swift in Sources */ = {isa = PBXBuildFile; fileRef = 32B370A52A3E168F0053911C /* LoginView.swift */; };
		32B370A82A3E17250053911C /* UserSettings.swift in Sources */ = {isa = PBXBuildFile; fileRef = 32B370A72A3E17250053911C /* UserSettings.swift */; };
		32B370AA2A3E180D0053911C /* RootView.swift in Sources */ = {isa = PBXBuildFile; fileRef = 32B370A92A3E180D0053911C /* RootView.swift */; };
		32B370AF2A3E549E0053911C /* StorageManager.swift in Sources */ = {isa = PBXBuildFile; fileRef = 32B370AE2A3E549E0053911C /* StorageManager.swift */; };
		32B370B22A3E550D0053911C /* User.swift in Sources */ = {isa = PBXBuildFile; fileRef = 32B370B12A3E550D0053911C /* User.swift */; };
/* End PBXBuildFile section */

/* Begin PBXFileReference section */
		329A35732A3E0CD7005C8618 /* StateAnaDataFlow.app */ = {isa = PBXFileReference; explicitFileType = wrapper.application; includeInIndex = 0; path = StateAnaDataFlow.app; sourceTree = BUILT_PRODUCTS_DIR; };
		329A35762A3E0CD7005C8618 /* StateAnaDataFlowApp.swift */ = {isa = PBXFileReference; lastKnownFileType = sourcecode.swift; path = StateAnaDataFlowApp.swift; sourceTree = "<group>"; };
		329A35782A3E0CD7005C8618 /* ContentView.swift */ = {isa = PBXFileReference; lastKnownFileType = sourcecode.swift; path = ContentView.swift; sourceTree = "<group>"; };
		329A357A2A3E0CD8005C8618 /* Assets.xcassets */ = {isa = PBXFileReference; lastKnownFileType = folder.assetcatalog; path = Assets.xcassets; sourceTree = "<group>"; };
		329A357D2A3E0CD8005C8618 /* Preview Assets.xcassets */ = {isa = PBXFileReference; lastKnownFileType = folder.assetcatalog; path = "Preview Assets.xcassets"; sourceTree = "<group>"; };
		32B370A32A3E113E0053911C /* TimerCounter.swift */ = {isa = PBXFileReference; lastKnownFileType = sourcecode.swift; path = TimerCounter.swift; sourceTree = "<group>"; };
		32B370A52A3E168F0053911C /* LoginView.swift */ = {isa = PBXFileReference; lastKnownFileType = sourcecode.swift; path = LoginView.swift; sourceTree = "<group>"; };
		32B370A72A3E17250053911C /* UserSettings.swift */ = {isa = PBXFileReference; lastKnownFileType = sourcecode.swift; path = UserSettings.swift; sourceTree = "<group>"; };
		32B370A92A3E180D0053911C /* RootView.swift */ = {isa = PBXFileReference; lastKnownFileType = sourcecode.swift; path = RootView.swift; sourceTree = "<group>"; };
		32B370AE2A3E549E0053911C /* StorageManager.swift */ = {isa = PBXFileReference; lastKnownFileType = sourcecode.swift; path = StorageManager.swift; sourceTree = "<group>"; };
		32B370B12A3E550D0053911C /* User.swift */ = {isa = PBXFileReference; lastKnownFileType = sourcecode.swift; path = User.swift; sourceTree = "<group>"; };
/* End PBXFileReference section */

/* Begin PBXFrameworksBuildPhase section */
		329A35702A3E0CD7005C8618 /* Frameworks */ = {
			isa = PBXFrameworksBuildPhase;
			buildActionMask = 2147483647;
			files = (
			);
			runOnlyForDeploymentPostprocessing = 0;
		};
/* End PBXFrameworksBuildPhase section */

/* Begin PBXGroup section */
		329A356A2A3E0CD7005C8618 = {
			isa = PBXGroup;
			children = (
				329A35752A3E0CD7005C8618 /* StateAnaDataFlow */,
				329A35742A3E0CD7005C8618 /* Products */,
			);
			sourceTree = "<group>";
		};
		329A35742A3E0CD7005C8618 /* Products */ = {
			isa = PBXGroup;
			children = (
				329A35732A3E0CD7005C8618 /* StateAnaDataFlow.app */,
			);
			name = Products;
			sourceTree = "<group>";
		};
		329A35752A3E0CD7005C8618 /* StateAnaDataFlow */ = {
			isa = PBXGroup;
			children = (
				329A35762A3E0CD7005C8618 /* StateAnaDataFlowApp.swift */,
				329A357A2A3E0CD8005C8618 /* Assets.xcassets */,
				32B370A92A3E180D0053911C /* RootView.swift */,
				329A35782A3E0CD7005C8618 /* ContentView.swift */,
				32B370A52A3E168F0053911C /* LoginView.swift */,
				32B370A72A3E17250053911C /* UserSettings.swift */,
				32B370A32A3E113E0053911C /* TimerCounter.swift */,
				32B370B02A3E54F10053911C /* Mofels */,
				32B370AB2A3E53050053911C /* Services */,
				329A357C2A3E0CD8005C8618 /* Preview Content */,
			);
			path = StateAnaDataFlow;
			sourceTree = "<group>";
		};
		329A357C2A3E0CD8005C8618 /* Preview Content */ = {
			isa = PBXGroup;
			children = (
				329A357D2A3E0CD8005C8618 /* Preview Assets.xcassets */,
			);
			path = "Preview Content";
			sourceTree = "<group>";
		};
		32B370AB2A3E53050053911C /* Services */ = {
			isa = PBXGroup;
			children = (
				32B370AE2A3E549E0053911C /* StorageManager.swift */,
			);
			path = Services;
			sourceTree = "<group>";
		};
		32B370B02A3E54F10053911C /* Mofels */ = {
			isa = PBXGroup;
			children = (
				32B370B12A3E550D0053911C /* User.swift */,
			);
			path = Mofels;
			sourceTree = "<group>";
		};
/* End PBXGroup section */

/* Begin PBXNativeTarget section */
		329A35722A3E0CD7005C8618 /* StateAnaDataFlow */ = {
			isa = PBXNativeTarget;
			buildConfigurationList = 329A35812A3E0CD8005C8618 /* Build configuration list for PBXNativeTarget "StateAnaDataFlow" */;
			buildPhases = (
				329A356F2A3E0CD7005C8618 /* Sources */,
				329A35702A3E0CD7005C8618 /* Frameworks */,
				329A35712A3E0CD7005C8618 /* Resources */,
			);
			buildRules = (
			);
			dependencies = (
			);
			name = StateAnaDataFlow;
			productName = StateAnaDataFlow;
			productReference = 329A35732A3E0CD7005C8618 /* StateAnaDataFlow.app */;
			productType = "com.apple.product-type.application";
		};
/* End PBXNativeTarget section */

/* Begin PBXProject section */
		329A356B2A3E0CD7005C8618 /* Project object */ = {
			isa = PBXProject;
			attributes = {
				BuildIndependentTargetsInParallel = 1;
				LastSwiftUpdateCheck = 1430;
				LastUpgradeCheck = 1430;
				TargetAttributes = {
					329A35722A3E0CD7005C8618 = {
						CreatedOnToolsVersion = 14.3.1;
					};
				};
			};
			buildConfigurationList = 329A356E2A3E0CD7005C8618 /* Build configuration list for PBXProject "StateAnaDataFlow" */;
			compatibilityVersion = "Xcode 14.0";
			developmentRegion = en;
			hasScannedForEncodings = 0;
			knownRegions = (
				en,
				Base,
			);
			mainGroup = 329A356A2A3E0CD7005C8618;
			productRefGroup = 329A35742A3E0CD7005C8618 /* Products */;
			projectDirPath = "";
			projectRoot = "";
			targets = (
				329A35722A3E0CD7005C8618 /* StateAnaDataFlow */,
			);
		};
/* End PBXProject section */

/* Begin PBXResourcesBuildPhase section */
		329A35712A3E0CD7005C8618 /* Resources */ = {
			isa = PBXResourcesBuildPhase;
			buildActionMask = 2147483647;
			files = (
				329A357E2A3E0CD8005C8618 /* Preview Assets.xcassets in Resources */,
				329A357B2A3E0CD8005C8618 /* Assets.xcassets in Resources */,
			);
			runOnlyForDeploymentPostprocessing = 0;
		};
/* End PBXResourcesBuildPhase section */

/* Begin PBXSourcesBuildPhase section */
		329A356F2A3E0CD7005C8618 /* Sources */ = {
			isa = PBXSourcesBuildPhase;
			buildActionMask = 2147483647;
			files = (
				329A35792A3E0CD7005C8618 /* ContentView.swift in Sources */,
				32B370A42A3E113E0053911C /* TimerCounter.swift in Sources */,
				32B370AA2A3E180D0053911C /* RootView.swift in Sources */,
				32B370AF2A3E549E0053911C /* StorageManager.swift in Sources */,
				32B370B22A3E550D0053911C /* User.swift in Sources */,
				32B370A62A3E168F0053911C /* LoginView.swift in Sources */,
				32B370A82A3E17250053911C /* UserSettings.swift in Sources */,
				329A35772A3E0CD7005C8618 /* StateAnaDataFlowApp.swift in Sources */,
			);
			runOnlyForDeploymentPostprocessing = 0;
		};
/* End PBXSourcesBuildPhase section */

/* Begin XCBuildConfiguration section */
		329A357F2A3E0CD8005C8618 /* Debug */ = {
			isa = XCBuildConfiguration;
			buildSettings = {
				ALWAYS_SEARCH_USER_PATHS = NO;
				CLANG_ANALYZER_NONNULL = YES;
				CLANG_ANALYZER_NUMBER_OBJECT_CONVERSION = YES_AGGRESSIVE;
				CLANG_CXX_LANGUAGE_STANDARD = "gnu++20";
				CLANG_ENABLE_MODULES = YES;
				CLANG_ENABLE_OBJC_ARC = YES;
				CLANG_ENABLE_OBJC_WEAK = YES;
				CLANG_WARN_BLOCK_CAPTURE_AUTORELEASING = YES;
				CLANG_WARN_BOOL_CONVERSION = YES;
				CLANG_WARN_COMMA = YES;
				CLANG_WARN_CONSTANT_CONVERSION = YES;
				CLANG_WARN_DEPRECATED_OBJC_IMPLEMENTATIONS = YES;
				CLANG_WARN_DIRECT_OBJC_ISA_USAGE = YES_ERROR;
				CLANG_WARN_DOCUMENTATION_COMMENTS = YES;
				CLANG_WARN_EMPTY_BODY = YES;
				CLANG_WARN_ENUM_CONVERSION = YES;
				CLANG_WARN_INFINITE_RECURSION = YES;
				CLANG_WARN_INT_CONVERSION = YES;
				CLANG_WARN_NON_LITERAL_NULL_CONVERSION = YES;
				CLANG_WARN_OBJC_IMPLICIT_RETAIN_SELF = YES;
				CLANG_WARN_OBJC_LITERAL_CONVERSION = YES;
				CLANG_WARN_OBJC_ROOT_CLASS = YES_ERROR;
				CLANG_WARN_QUOTED_INCLUDE_IN_FRAMEWORK_HEADER = YES;
				CLANG_WARN_RANGE_LOOP_ANALYSIS = YES;
				CLANG_WARN_STRICT_PROTOTYPES = YES;
				CLANG_WARN_SUSPICIOUS_MOVE = YES;
				CLANG_WARN_UNGUARDED_AVAILABILITY = YES_AGGRESSIVE;
				CLANG_WARN_UNREACHABLE_CODE = YES;
				CLANG_WARN__DUPLICATE_METHOD_MATCH = YES;
				COPY_PHASE_STRIP = NO;
				DEBUG_INFORMATION_FORMAT = dwarf;
				ENABLE_STRICT_OBJC_MSGSEND = YES;
				ENABLE_TESTABILITY = YES;
				GCC_C_LANGUAGE_STANDARD = gnu11;
				GCC_DYNAMIC_NO_PIC = NO;
				GCC_NO_COMMON_BLOCKS = YES;
				GCC_OPTIMIZATION_LEVEL = 0;
				GCC_PREPROCESSOR_DEFINITIONS = (
					"DEBUG=1",
					"$(inherited)",
				);
				GCC_WARN_64_TO_32_BIT_CONVERSION = YES;
				GCC_WARN_ABOUT_RETURN_TYPE = YES_ERROR;
				GCC_WARN_UNDECLARED_SELECTOR = YES;
				GCC_WARN_UNINITIALIZED_AUTOS = YES_AGGRESSIVE;
				GCC_WARN_UNUSED_FUNCTION = YES;
				GCC_WARN_UNUSED_VARIABLE = YES;
				IPHONEOS_DEPLOYMENT_TARGET = 16.4;
				MTL_ENABLE_DEBUG_INFO = INCLUDE_SOURCE;
				MTL_FAST_MATH = YES;
				ONLY_ACTIVE_ARCH = YES;
				SDKROOT = iphoneos;
				SWIFT_ACTIVE_COMPILATION_CONDITIONS = DEBUG;
				SWIFT_OPTIMIZATION_LEVEL = "-Onone";
			};
			name = Debug;
		};
		329A35802A3E0CD8005C8618 /* Release */ = {
			isa = XCBuildConfiguration;
			buildSettings = {
				ALWAYS_SEARCH_USER_PATHS = NO;
				CLANG_ANALYZER_NONNULL = YES;
				CLANG_ANALYZER_NUMBER_OBJECT_CONVERSION = YES_AGGRESSIVE;
				CLANG_CXX_LANGUAGE_STANDARD = "gnu++20";
				CLANG_ENABLE_MODULES = YES;
				CLANG_ENABLE_OBJC_ARC = YES;
				CLANG_ENABLE_OBJC_WEAK = YES;
				CLANG_WARN_BLOCK_CAPTURE_AUTORELEASING = YES;
				CLANG_WARN_BOOL_CONVERSION = YES;
				CLANG_WARN_COMMA = YES;
				CLANG_WARN_CONSTANT_CONVERSION = YES;
				CLANG_WARN_DEPRECATED_OBJC_IMPLEMENTATIONS = YES;
				CLANG_WARN_DIRECT_OBJC_ISA_USAGE = YES_ERROR;
				CLANG_WARN_DOCUMENTATION_COMMENTS = YES;
				CLANG_WARN_EMPTY_BODY = YES;
				CLANG_WARN_ENUM_CONVERSION = YES;
				CLANG_WARN_INFINITE_RECURSION = YES;
				CLANG_WARN_INT_CONVERSION = YES;
				CLANG_WARN_NON_LITERAL_NULL_CONVERSION = YES;
				CLANG_WARN_OBJC_IMPLICIT_RETAIN_SELF = YES;
				CLANG_WARN_OBJC_LITERAL_CONVERSION = YES;
				CLANG_WARN_OBJC_ROOT_CLASS = YES_ERROR;
				CLANG_WARN_QUOTED_INCLUDE_IN_FRAMEWORK_HEADER = YES;
				CLANG_WARN_RANGE_LOOP_ANALYSIS = YES;
				CLANG_WARN_STRICT_PROTOTYPES = YES;
				CLANG_WARN_SUSPICIOUS_MOVE = YES;
				CLANG_WARN_UNGUARDED_AVAILABILITY = YES_AGGRESSIVE;
				CLANG_WARN_UNREACHABLE_CODE = YES;
				CLANG_WARN__DUPLICATE_METHOD_MATCH = YES;
				COPY_PHASE_STRIP = NO;
				DEBUG_INFORMATION_FORMAT = "dwarf-with-dsym";
				ENABLE_NS_ASSERTIONS = NO;
				ENABLE_STRICT_OBJC_MSGSEND = YES;
				GCC_C_LANGUAGE_STANDARD = gnu11;
				GCC_NO_COMMON_BLOCKS = YES;
				GCC_WARN_64_TO_32_BIT_CONVERSION = YES;
				GCC_WARN_ABOUT_RETURN_TYPE = YES_ERROR;
				GCC_WARN_UNDECLARED_SELECTOR = YES;
				GCC_WARN_UNINITIALIZED_AUTOS = YES_AGGRESSIVE;
				GCC_WARN_UNUSED_FUNCTION = YES;
				GCC_WARN_UNUSED_VARIABLE = YES;
				IPHONEOS_DEPLOYMENT_TARGET = 16.4;
				MTL_ENABLE_DEBUG_INFO = NO;
				MTL_FAST_MATH = YES;
				SDKROOT = iphoneos;
				SWIFT_COMPILATION_MODE = wholemodule;
				SWIFT_OPTIMIZATION_LEVEL = "-O";
				VALIDATE_PRODUCT = YES;
			};
			name = Release;
		};
		329A35822A3E0CD8005C8618 /* Debug */ = {
			isa = XCBuildConfiguration;
			buildSettings = {
				ASSETCATALOG_COMPILER_APPICON_NAME = AppIcon;
				ASSETCATALOG_COMPILER_GLOBAL_ACCENT_COLOR_NAME = AccentColor;
				CODE_SIGN_STYLE = Automatic;
				CURRENT_PROJECT_VERSION = 1;
				DEVELOPMENT_ASSET_PATHS = "\"StateAnaDataFlow/Preview Content\"";
				DEVELOPMENT_TEAM = RAC7J8P879;
				ENABLE_PREVIEWS = YES;
				GENERATE_INFOPLIST_FILE = YES;
				INFOPLIST_KEY_UIApplicationSceneManifest_Generation = YES;
				INFOPLIST_KEY_UIApplicationSupportsIndirectInputEvents = YES;
				INFOPLIST_KEY_UILaunchScreen_Generation = YES;
				INFOPLIST_KEY_UISupportedInterfaceOrientations = UIInterfaceOrientationPortrait;
				INFOPLIST_KEY_UISupportedInterfaceOrientations_iPad = "UIInterfaceOrientationLandscapeLeft UIInterfaceOrientationLandscapeRight UIInterfaceOrientationPortrait UIInterfaceOrientationPortraitUpsideDown";
				LD_RUNPATH_SEARCH_PATHS = (
					"$(inherited)",
					"@executable_path/Frameworks",
				);
				MARKETING_VERSION = 1.0;
				PRODUCT_BUNDLE_IDENTIFIER = JV.StateAnaDataFlow;
				PRODUCT_NAME = "$(TARGET_NAME)";
				SUPPORTED_PLATFORMS = "iphoneos iphonesimulator";
				SUPPORTS_MACCATALYST = NO;
				SUPPORTS_MAC_DESIGNED_FOR_IPHONE_IPAD = NO;
				SWIFT_EMIT_LOC_STRINGS = YES;
				SWIFT_VERSION = 5.0;
				TARGETED_DEVICE_FAMILY = 1;
			};
			name = Debug;
		};
		329A35832A3E0CD8005C8618 /* Release */ = {
			isa = XCBuildConfiguration;
			buildSettings = {
				ASSETCATALOG_COMPILER_APPICON_NAME = AppIcon;
				ASSETCATALOG_COMPILER_GLOBAL_ACCENT_COLOR_NAME = AccentColor;
				CODE_SIGN_STYLE = Automatic;
				CURRENT_PROJECT_VERSION = 1;
				DEVELOPMENT_ASSET_PATHS = "\"StateAnaDataFlow/Preview Content\"";
				DEVELOPMENT_TEAM = RAC7J8P879;
				ENABLE_PREVIEWS = YES;
				GENERATE_INFOPLIST_FILE = YES;
				INFOPLIST_KEY_UIApplicationSceneManifest_Generation = YES;
				INFOPLIST_KEY_UIApplicationSupportsIndirectInputEvents = YES;
				INFOPLIST_KEY_UILaunchScreen_Generation = YES;
				INFOPLIST_KEY_UISupportedInterfaceOrientations = UIInterfaceOrientationPortrait;
				INFOPLIST_KEY_UISupportedInterfaceOrientations_iPad = "UIInterfaceOrientationLandscapeLeft UIInterfaceOrientationLandscapeRight UIInterfaceOrientationPortrait UIInterfaceOrientationPortraitUpsideDown";
				LD_RUNPATH_SEARCH_PATHS = (
					"$(inherited)",
					"@executable_path/Frameworks",
				);
				MARKETING_VERSION = 1.0;
				PRODUCT_BUNDLE_IDENTIFIER = JV.StateAnaDataFlow;
				PRODUCT_NAME = "$(TARGET_NAME)";
				SUPPORTED_PLATFORMS = "iphoneos iphonesimulator";
				SUPPORTS_MACCATALYST = NO;
				SUPPORTS_MAC_DESIGNED_FOR_IPHONE_IPAD = NO;
				SWIFT_EMIT_LOC_STRINGS = YES;
				SWIFT_VERSION = 5.0;
				TARGETED_DEVICE_FAMILY = 1;
			};
			name = Release;
		};
/* End XCBuildConfiguration section */

/* Begin XCConfigurationList section */
		329A356E2A3E0CD7005C8618 /* Build configuration list for PBXProject "StateAnaDataFlow" */ = {
			isa = XCConfigurationList;
			buildConfigurations = (
				329A357F2A3E0CD8005C8618 /* Debug */,
				329A35802A3E0CD8005C8618 /* Release */,
			);
			defaultConfigurationIsVisible = 0;
			defaultConfigurationName = Release;
		};
		329A35812A3E0CD8005C8618 /* Build configuration list for PBXNativeTarget "StateAnaDataFlow" */ = {
			isa = XCConfigurationList;
			buildConfigurations = (
				329A35822A3E0CD8005C8618 /* Debug */,
				329A35832A3E0CD8005C8618 /* Release */,
			);
			defaultConfigurationIsVisible = 0;
			defaultConfigurationName = Release;
		};
/* End XCConfigurationList section */
	};
	rootObject = 329A356B2A3E0CD7005C8618 /* Project object */;
}
